
Microsoft Visual Studio Solution File, Format Version 12.00
# Visual Studio Version 16
VisualStudioVersion = 16.0.32126.315
MinimumVisualStudioVersion = 10.0.40219.1
Project("{8BC9CEB8-8B4A-11D0-8D11-00A0C91BC942}") = "ExaminationSystem", "ExaminationSystem.vcxproj", "{D909E11F-30BB-4093-8306-A737F7046F86}"
EndProject
Global
	GlobalSection(SolutionConfigurationPlatforms) = preSolution
		Debug|x64 = Debug|x64
		Release|x64 = Release|x64
	EndGlobalSection
	GlobalSection(ProjectConfigurationPlatforms) = postSolution
		{D909E11F-30BB-4093-8306-A737F7046F86}.Debug|x64.ActiveCfg = Debug|x64
		{D909E11F-30BB-4093-8306-A737F7046F86}.Debug|x64.Build.0 = Debug|x64
		{D909E11F-30BB-4093-8306-A737F7046F86}.Release|x64.ActiveCfg = Release|x64
		{D909E11F-30BB-4093-8306-A737F7046F86}.Release|x64.Build.0 = Release|x64
	EndGlobalSection
	GlobalSection(SolutionProperties) = preSolution
		HideSolutionNode = FALSE
	EndGlobalSection
	GlobalSection(ExtensibilityGlobals) = postSolution
		SolutionGuid = {F80BF29C-9197-49F0-B5EF-8D4260CA7ADC}
	EndGlobalSection
EndGlobal
